// !$*UTF8*$!
{
	archiveVersion = 1;
	classes = {
	};
	objectVersion = 46;
	objects = {

/* Begin PBXBuildFile section */
		2D3D13081F092D7F00532371 /* AppDelegate.swift in Sources */ = {isa = PBXBuildFile; fileRef = 2D3D13071F092D7F00532371 /* AppDelegate.swift */; };
		2D3D130A1F092D7F00532371 /* ViewController.swift in Sources */ = {isa = PBXBuildFile; fileRef = 2D3D13091F092D7F00532371 /* ViewController.swift */; };
		2D3D130D1F092D7F00532371 /* Main.storyboard in Resources */ = {isa = PBXBuildFile; fileRef = 2D3D130B1F092D7F00532371 /* Main.storyboard */; };
		2D3D130F1F092D7F00532371 /* Assets.xcassets in Resources */ = {isa = PBXBuildFile; fileRef = 2D3D130E1F092D7F00532371 /* Assets.xcassets */; };
		2D3D13121F092D7F00532371 /* LaunchScreen.storyboard in Resources */ = {isa = PBXBuildFile; fileRef = 2D3D13101F092D7F00532371 /* LaunchScreen.storyboard */; };
/* End PBXBuildFile section */

/* Begin PBXFileReference section */
		2D3D13041F092D7F00532371 /* AlertViewApp.app */ = {isa = PBXFileReference; explicitFileType = wrapper.application; includeInIndex = 0; path = AlertViewApp.app; sourceTree = BUILT_PRODUCTS_DIR; };
		2D3D13071F092D7F00532371 /* AppDelegate.swift */ = {isa = PBXFileReference; lastKnownFileType = sourcecode.swift; path = AppDelegate.swift; sourceTree = "<group>"; };
		2D3D13091F092D7F00532371 /* ViewController.swift */ = {isa = PBXFileReference; lastKnownFileType = sourcecode.swift; path = ViewController.swift; sourceTree = "<group>"; };
		2D3D130C1F092D7F00532371 /* Base */ = {isa = PBXFileReference; lastKnownFileType = file.storyboard; name = Base; path = Base.lproj/Main.storyboard; sourceTree = "<group>"; };
		2D3D130E1F092D7F00532371 /* Assets.xcassets */ = {isa = PBXFileReference; lastKnownFileType = folder.assetcatalog; path = Assets.xcassets; sourceTree = "<group>"; };
		2D3D13111F092D7F00532371 /* Base */ = {isa = PBXFileReference; lastKnownFileType = file.storyboard; name = Base; path = Base.lproj/LaunchScreen.storyboard; sourceTree = "<group>"; };
		2D3D13131F092D7F00532371 /* Info.plist */ = {isa = PBXFileReference; lastKnownFileType = text.plist.xml; path = Info.plist; sourceTree = "<group>"; };
/* End PBXFileReference section */

/* Begin PBXFrameworksBuildPhase section */
		2D3D13011F092D7F00532371 /* Frameworks */ = {
			isa = PBXFrameworksBuildPhase;
			buildActionMask = 2147483647;
			files = (
			);
			runOnlyForDeploymentPostprocessing = 0;
		};
/* End PBXFrameworksBuildPhase section */

/* Begin PBXGroup section */
		2D3D12FB1F092D7F00532371 = {
			isa = PBXGroup;
			children = (
				2D3D13061F092D7F00532371 /* AlertViewApp */,
				2D3D13051F092D7F00532371 /* Products */,
			);
			sourceTree = "<group>";
		};
		2D3D13051F092D7F00532371 /* Products */ = {
			isa = PBXGroup;
			children = (
				2D3D13041F092D7F00532371 /* AlertViewApp.app */,
			);
			name = Products;
			sourceTree = "<group>";
		};
		2D3D13061F092D7F00532371 /* AlertViewApp */ = {
			isa = PBXGroup;
			children = (
				2D3D13071F092D7F00532371 /* AppDelegate.swift */,
				2D3D13091F092D7F00532371 /* ViewController.swift */,
				2D3D130B1F092D7F00532371 /* Main.storyboard */,
				2D3D130E1F092D7F00532371 /* Assets.xcassets */,
				2D3D13101F092D7F00532371 /* LaunchScreen.storyboard */,
				2D3D13131F092D7F00532371 /* Info.plist */,
			);
			path = AlertViewApp;
			sourceTree = "<group>";
		};
/* End PBXGroup section */

/* Begin PBXNativeTarget section */
		2D3D13031F092D7F00532371 /* AlertViewApp */ = {
			isa = PBXNativeTarget;
			buildConfigurationList = 2D3D13161F092D7F00532371 /* Build configuration list for PBXNativeTarget "AlertViewApp" */;
			buildPhases = (
				2D3D13001F092D7F00532371 /* Sources */,
				2D3D13011F092D7F00532371 /* Frameworks */,
				2D3D13021F092D7F00532371 /* Resources */,
			);
			buildRules = (
			);
			dependencies = (
			);
			name = AlertViewApp;
			productName = AlertViewApp;
			productReference = 2D3D13041F092D7F00532371 /* AlertViewApp.app */;
			productType = "com.apple.product-type.application";
		};
/* End PBXNativeTarget section */

/* Begin PBXProject section */
		2D3D12FC1F092D7F00532371 /* Project object */ = {
			isa = PBXProject;
			attributes = {
				LastSwiftUpdateCheck = 0830;
				LastUpgradeCheck = 0830;
				ORGANIZATIONNAME = dmytrobesedin;
				TargetAttributes = {
					2D3D13031F092D7F00532371 = {
						CreatedOnToolsVersion = 8.3.3;
						ProvisioningStyle = Automatic;
					};
				};
			};
			buildConfigurationList = 2D3D12FF1F092D7F00532371 /* Build configuration list for PBXProject "AlertViewApp" */;
			compatibilityVersion = "Xcode 3.2";
			developmentRegion = English;
			hasScannedForEncodings = 0;
			knownRegions = (
				en,
				Base,
			);
			mainGroup = 2D3D12FB1F092D7F00532371;
			productRefGroup = 2D3D13051F092D7F00532371 /* Products */;
			projectDirPath = "";
			projectRoot = "";
			targets = (
				2D3D13031F092D7F00532371 /* AlertViewApp */,
			);
		};
/* End PBXProject section */

/* Begin PBXResourcesBuildPhase section */
		2D3D13021F092D7F00532371 /* Resources */ = {
			isa = PBXResourcesBuildPhase;
			buildActionMask = 2147483647;
			files = (
				2D3D13121F092D7F00532371 /* LaunchScreen.storyboard in Resources */,
				2D3D130F1F092D7F00532371 /* Assets.xcassets in Resources */,
				2D3D130D1F092D7F00532371 /* Main.storyboard in Resources */,
			);
			runOnlyForDeploymentPostprocessing = 0;
		};
/* End PBXResourcesBuildPhase section */

/* Begin PBXSourcesBuildPhase section */
		2D3D13001F092D7F00532371 /* Sources */ = {
			isa = PBXSourcesBuildPhase;
			buildActionMask = 2147483647;
			files = (
				2D3D130A1F092D7F00532371 /* ViewController.swift in Sources */,
				2D3D13081F092D7F00532371 /* AppDelegate.swift in Sources */,
			);
			runOnlyForDeploymentPostprocessing = 0;
		};
/* End PBXSourcesBuildPhase section */

/* Begin PBXVariantGroup section */
		2D3D130B1F092D7F00532371 /* Main.storyboard */ = {
			isa = PBXVariantGroup;
			children = (
				2D3D130C1F092D7F00532371 /* Base */,
			);
			name = Main.storyboard;
			sourceTree = "<group>";
		};
		2D3D13101F092D7F00532371 /* LaunchScreen.storyboard */ = {
			isa = PBXVariantGroup;
			children = (
				2D3D13111F092D7F00532371 /* Base */,
			);
			name = LaunchScreen.storyboard;
			sourceTree = "<group>";
		};
/* End PBXVariantGroup section */

/* Begin XCBuildConfiguration section */
		2D3D13141F092D7F00532371 /* Debug */ = {
			isa = XCBuildConfiguration;
			buildSettings = {
				ALWAYS_SEARCH_USER_PATHS = NO;
				CLANG_ANALYZER_NONNULL = YES;
				CLANG_ANALYZER_NUMBER_OBJECT_CONVERSION = YES_AGGRESSIVE;
				CLANG_CXX_LANGUAGE_STANDARD = "gnu++0x";
				CLANG_CXX_LIBRARY = "libc++";
				CLANG_ENABLE_MODULES = YES;
				CLANG_ENABLE_OBJC_ARC = YES;
				CLANG_WARN_BOOL_CONVERSION = YES;
				CLANG_WARN_CONSTANT_CONVERSION = YES;
				CLANG_WARN_DIRECT_OBJC_ISA_USAGE = YES_ERROR;
				CLANG_WARN_DOCUMENTATION_COMMENTS = YES;
				CLANG_WARN_EMPTY_BODY = YES;
				CLANG_WARN_ENUM_CONVERSION = YES;
				CLANG_WARN_INFINITE_RECURSION = YES;
				CLANG_WARN_INT_CONVERSION = YES;
				CLANG_WARN_OBJC_ROOT_CLASS = YES_ERROR;
				CLANG_WARN_SUSPICIOUS_MOVE = YES;
				CLANG_WARN_UNREACHABLE_CODE = YES;
				CLANG_WARN__DUPLICATE_METHOD_MATCH = YES;
				"CODE_SIGN_IDENTITY[sdk=iphoneos*]" = "iPhone Developer";
				COPY_PHASE_STRIP = NO;
				DEBUG_INFORMATION_FORMAT = dwarf;
				ENABLE_STRICT_OBJC_MSGSEND = YES;
				ENABLE_TESTABILITY = YES;
				GCC_C_LANGUAGE_STANDARD = gnu99;
				GCC_DYNAMIC_NO_PIC = NO;
				GCC_NO_COMMON_BLOCKS = YES;
				GCC_OPTIMIZATION_LEVEL = 0;
				GCC_PREPROCESSOR_DEFINITIONS = (
					"DEBUG=1",
					"$(inherited)",
				);
				GCC_WARN_64_TO_32_BIT_CONVERSION = YES;
				GCC_WARN_ABOUT_RETURN_TYPE = YES_ERROR;
				GCC_WARN_UNDECLARED_SELECTOR = YES;
				GCC_WARN_UNINITIALIZED_AUTOS = YES_AGGRESSIVE;
				GCC_WARN_UNUSED_FUNCTION = YES;
				GCC_WARN_UNUSED_VARIABLE = YES;
				IPHONEOS_DEPLOYMENT_TARGET = 10.3;
				MTL_ENABLE_DEBUG_INFO = YES;
				ONLY_ACTIVE_ARCH = YES;
				SDKROOT = iphoneos;
				SWIFT_ACTIVE_COMPILATION_CONDITIONS = DEBUG;
				SWIFT_OPTIMIZATION_LEVEL = "-Onone";
			};
			name = Debug;
		};
		2D3D13151F092D7F00532371 /* Release */ = {
			isa = XCBuildConfiguration;
			buildSettings = {
				ALWAYS_SEARCH_USER_PATHS = NO;
				CLANG_ANALYZER_NONNULL = YES;
				CLANG_ANALYZER_NUMBER_OBJECT_CONVERSION = YES_AGGRESSIVE;
				CLANG_CXX_LANGUAGE_STANDARD = "gnu++0x";
				CLANG_CXX_LIBRARY = "libc++";
				CLANG_ENABLE_MODULES = YES;
				CLANG_ENABLE_OBJC_ARC = YES;
				CLANG_WARN_BOOL_CONVERSION = YES;
				CLANG_WARN_CONSTANT_CONVERSION = YES;
				CLANG_WARN_DIRECT_OBJC_ISA_USAGE = YES_ERROR;
				CLANG_WARN_DOCUMENTATION_COMMENTS = YES;
				CLANG_WARN_EMPTY_BODY = YES;
				CLANG_WARN_ENUM_CONVERSION = YES;
				CLANG_WARN_INFINITE_RECURSION = YES;
				CLANG_WARN_INT_CONVERSION = YES;
				CLANG_WARN_OBJC_ROOT_CLASS = YES_ERROR;
				CLANG_WARN_SUSPICIOUS_MOVE = YES;
				CLANG_WARN_UNREACHABLE_CODE = YES;
				CLANG_WARN__DUPLICATE_METHOD_MATCH = YES;
				"CODE_SIGN_IDENTITY[sdk=iphoneos*]" = "iPhone Developer";
				COPY_PHASE_STRIP = NO;
				DEBUG_INFORMATION_FORMAT = "dwarf-with-dsym";
				ENABLE_NS_ASSERTIONS = NO;
				ENABLE_STRICT_OBJC_MSGSEND = YES;
				GCC_C_LANGUAGE_STANDARD = gnu99;
				GCC_NO_COMMON_BLOCKS = YES;
				GCC_WARN_64_TO_32_BIT_CONVERSION = YES;
				GCC_WARN_ABOUT_RETURN_TYPE = YES_ERROR;
				GCC_WARN_UNDECLARED_SELECTOR = YES;
				GCC_WARN_UNINITIALIZED_AUTOS = YES_AGGRESSIVE;
				GCC_WARN_UNUSED_FUNCTION = YES;
				GCC_WARN_UNUSED_VARIABLE = YES;
				IPHONEOS_DEPLOYMENT_TARGET = 10.3;
				MTL_ENABLE_DEBUG_INFO = NO;
				SDKROOT = iphoneos;
				SWIFT_OPTIMIZATION_LEVEL = "-Owholemodule";
				VALIDATE_PRODUCT = YES;
			};
			name = Release;
		};
		2D3D13171F092D7F00532371 /* Debug */ = {
			isa = XCBuildConfiguration;
			buildSettings = {
				ASSETCATALOG_COMPILER_APPICON_NAME = AppIcon;
				INFOPLIST_FILE = AlertViewApp/Info.plist;
				LD_RUNPATH_SEARCH_PATHS = "$(inherited) @executable_path/Frameworks";
				PRODUCT_BUNDLE_IDENTIFIER = dmytrobesedin.AlertViewApp;
				PRODUCT_NAME = "$(TARGET_NAME)";
				SWIFT_VERSION = 3.0;
			};
			name = Debug;
		};
		2D3D13181F092D7F00532371 /* Release */ = {
			isa = XCBuildConfiguration;
			buildSettings = {
				ASSETCATALOG_COMPILER_APPICON_NAME = AppIcon;
				INFOPLIST_FILE = AlertViewApp/Info.plist;
				LD_RUNPATH_SEARCH_PATHS = "$(inherited) @executable_path/Frameworks";
				PRODUCT_BUNDLE_IDENTIFIER = dmytrobesedin.AlertViewApp;
				PRODUCT_NAME = "$(TARGET_NAME)";
				SWIFT_VERSION = 3.0;
			};
			name = Release;
		};
/* End XCBuildConfiguration section */

/* Begin XCConfigurationList section */
		2D3D12FF1F092D7F00532371 /* Build configuration list for PBXProject "AlertViewApp" */ = {
			isa = XCConfigurationList;
			buildConfigurations = (
				2D3D13141F092D7F00532371 /* Debug */,
				2D3D13151F092D7F00532371 /* Release */,
			);
			defaultConfigurationIsVisible = 0;
			defaultConfigurationName = Release;
		};
		2D3D13161F092D7F00532371 /* Build configuration list for PBXNativeTarget "AlertViewApp" */ = {
			isa = XCConfigurationList;
			buildConfigurations = (
				2D3D13171F092D7F00532371 /* Debug */,
				2D3D13181F092D7F00532371 /* Release */,
			);
			defaultConfigurationIsVisible = 0;
		};
/* End XCConfigurationList section */
	};
	rootObject = 2D3D12FC1F092D7F00532371 /* Project object */;
}
